Microsoft Visual Studio Solution File, Format Version 11.00
# Visual Studio 2008

Project("{3C4560E3-B2C2-600A-2E39-619C58968C04}") = "Class1Demo", "Assembly-CSharp.csproj", "{3F43231A-5547-0C3E-7DB8-E97CF7D50C49}"
EndProject
Global
	GlobalSection(SolutionConfigurationPlatforms) = preSolution
		Debug|Any CPU = Debug|Any CPU
		Release|Any CPU = Release|Any CPU
	EndGlobalSection
	GlobalSection(ProjectConfigurationPlatforms) = postSolution
		{3F43231A-5547-0C3E-7DB8-E97CF7D50C49}.Debug|Any CPU.ActiveCfg = Debug|Any CPU
		{3F43231A-5547-0C3E-7DB8-E97CF7D50C49}.Debug|Any CPU.Build.0 = Debug|Any CPU
		{3F43231A-5547-0C3E-7DB8-E97CF7D50C49}.Release|Any CPU.ActiveCfg = Release|Any CPU
		{3F43231A-5547-0C3E-7DB8-E97CF7D50C49}.Release|Any CPU.Build.0 = Release|Any CPU
	EndGlobalSection
	GlobalSection(SolutionProperties) = preSolution
		HideSolutionNode = FALSE
	EndGlobalSection
	GlobalSection(MonoDevelopProperties) = preSolution
		StartupItem = Assembly-CSharp.csproj
	EndGlobalSection
EndGlobal
